{
  "name": "lambda",
  "version": "1.0.0",
  "lockfileVersion": 1,
  "requires": true,
  "dependencies": {
    "@types/jsdom": {
      "version": "12.2.3",
      "resolved": "https://registry.npmjs.org/@types/jsdom/-/jsdom-12.2.3.tgz",
      "integrity": "sha512-CxYWGFsBs0VZ/lU9zxfWk7zYfOlQQuSs5yzk34KW/vQQJGE8OGOYxJnqj9kGHE1SBZGVJvhXs1TafIpZL8RvXw==",
      "dev": true,
      "requires": {
        "@types/node": "11.13.0",
        "@types/tough-cookie": "2.3.5",
        "parse5": "4.0.0"
      },
      "dependencies": {
        "@types/node": {
          "version": "11.13.0",
          "resolved": "https://registry.npmjs.org/@types/node/-/node-11.13.0.tgz",
          "integrity": "sha512-rx29MMkRdVmzunmiA4lzBYJNnXsW/PhG4kMBy2ATsYaDjGGR75dCFEVVROKpNwlVdcUX3xxlghKQOeDPBJobng==",
          "dev": true
        }
      }
    },
    "@types/node-fetch": {
      "version": "2.3.0",
      "resolved": "https://registry.npmjs.org/@types/node-fetch/-/node-fetch-2.3.0.tgz",
      "integrity": "sha512-8hiAWrp7m9c0+LWLSMrUdPAoTJogvarqUdpQsyV9BlWnxVHTpdopNW0ldB4H8s/G4dg/KJLpqJIMb0GaZDf8/Q==",
      "dev": true,
      "requires": {
        "@types/node": "11.13.0"
      },
      "dependencies": {
        "@types/node": {
          "version": "11.13.0",
          "resolved": "https://registry.npmjs.org/@types/node/-/node-11.13.0.tgz",
          "integrity": "sha512-rx29MMkRdVmzunmiA4lzBYJNnXsW/PhG4kMBy2ATsYaDjGGR75dCFEVVROKpNwlVdcUX3xxlghKQOeDPBJobng==",
          "dev": true
        }
      }
    },
    "@types/tough-cookie": {
      "version": "2.3.5",
      "resolved": "https://registry.npmjs.org/@types/tough-cookie/-/tough-cookie-2.3.5.tgz",
      "integrity": "sha512-SCcK7mvGi3+ZNz833RRjFIxrn4gI1PPR3NtuIS+6vMkvmsGjosqTJwRt5bAEFLRz+wtJMWv8+uOnZf2hi2QXTg==",
      "dev": true
    },
    "parse5": {
      "version": "4.0.0",
      "resolved": "https://registry.npmjs.org/parse5/-/parse5-4.0.0.tgz",
      "integrity": "sha512-VrZ7eOd3T1Fk4XWNXMgiGBK/z0MG48BWG2uQNU4I72fkQuKUTZpl+u9k+CxEG0twMVzSmXEEz12z5Fnw1jIQFA==",
      "dev": true
    }
  }
}
